
Microsoft Visual Studio Solution File, Format Version 12.00
# Visual Studio Version 17
VisualStudioVersion = 17.9.34622.214
MinimumVisualStudioVersion = 10.0.40219.1
Project("{FAE04EC0-301F-11D3-BF4B-00C04F79EFBC}") = "cleanarchitectureFortwotableCrudOperation", "cleanarchitectureFortwotableCrudOperation\cleanarchitectureFortwotableCrudOperation.csproj", "{C358A65D-9D9D-4AA4-9D5A-BE993F8BE2CA}"
EndProject
Global
	GlobalSection(SolutionConfigurationPlatforms) = preSolution
		Debug|Any CPU = Debug|Any CPU
		Release|Any CPU = Release|Any CPU
	EndGlobalSection
	GlobalSection(ProjectConfigurationPlatforms) = postSolution
		{C358A65D-9D9D-4AA4-9D5A-BE993F8BE2CA}.Debug|Any CPU.ActiveCfg = Debug|Any CPU
		{C358A65D-9D9D-4AA4-9D5A-BE993F8BE2CA}.Debug|Any CPU.Build.0 = Debug|Any CPU
		{C358A65D-9D9D-4AA4-9D5A-BE993F8BE2CA}.Release|Any CPU.ActiveCfg = Release|Any CPU
		{C358A65D-9D9D-4AA4-9D5A-BE993F8BE2CA}.Release|Any CPU.Build.0 = Release|Any CPU
	EndGlobalSection
	GlobalSection(SolutionProperties) = preSolution
		HideSolutionNode = FALSE
	EndGlobalSection
	GlobalSection(ExtensibilityGlobals) = postSolution
		SolutionGuid = {6286579D-FCD1-4CE7-9E01-DE5748CE870D}
	EndGlobalSection
EndGlobal
